
Microsoft Visual Studio Solution File, Format Version 12.00
# Visual Studio Version 16
VisualStudioVersion = 16.0.29503.13
MinimumVisualStudioVersion = 10.0.40219.1
Project("{2150E333-8FDC-42A3-9474-1A3956D46DE8}") = "Microservices", "Microservices", "{2E10C0B7-0D26-43ED-A8E5-121E43670515}"
EndProject
Project("{2150E333-8FDC-42A3-9474-1A3956D46DE8}") = "Domain", "Domain", "{1AF3A065-DE78-4AF4-B486-1A3AF7A6CFE1}"
EndProject
Project("{2150E333-8FDC-42A3-9474-1A3956D46DE8}") = "Infra.Bus", "Infra.Bus", "{CA9D8170-D6C2-49E1-8AFA-6DD18FE8C0C0}"
EndProject
Project("{2150E333-8FDC-42A3-9474-1A3956D46DE8}") = "Infra.IOC", "Infra.IOC", "{EBF330BC-8611-4992-B5F1-5FA9FD728003}"
EndProject
Project("{2150E333-8FDC-42A3-9474-1A3956D46DE8}") = "Presentation", "Presentation", "{F4FFC8C4-A672-456F-A411-7BB896450AFA}"
EndProject
Project("{FAE04EC0-301F-11D3-BF4B-00C04F79EFBC}") = "MicroRabbit.Domain.Core", "MicroRabbit.Domain.Core\MicroRabbit.Domain.Core.csproj", "{7FE68668-7298-4AB3-95BB-50FBC00CAD2E}"
EndProject
Project("{FAE04EC0-301F-11D3-BF4B-00C04F79EFBC}") = "MicroRabbit.Infra.Bus", "MicroRabbit.Infra.Bus\MicroRabbit.Infra.Bus.csproj", "{98215426-2E5F-4BFB-A9A8-3EBAD45DA5DA}"
EndProject
Global
	GlobalSection(SolutionConfigurationPlatforms) = preSolution
		Debug|Any CPU = Debug|Any CPU
		Release|Any CPU = Release|Any CPU
	EndGlobalSection
	GlobalSection(ProjectConfigurationPlatforms) = postSolution
		{7FE68668-7298-4AB3-95BB-50FBC00CAD2E}.Debug|Any CPU.ActiveCfg = Debug|Any CPU
		{7FE68668-7298-4AB3-95BB-50FBC00CAD2E}.Debug|Any CPU.Build.0 = Debug|Any CPU
		{7FE68668-7298-4AB3-95BB-50FBC00CAD2E}.Release|Any CPU.ActiveCfg = Release|Any CPU
		{7FE68668-7298-4AB3-95BB-50FBC00CAD2E}.Release|Any CPU.Build.0 = Release|Any CPU
		{98215426-2E5F-4BFB-A9A8-3EBAD45DA5DA}.Debug|Any CPU.ActiveCfg = Debug|Any CPU
		{98215426-2E5F-4BFB-A9A8-3EBAD45DA5DA}.Debug|Any CPU.Build.0 = Debug|Any CPU
		{98215426-2E5F-4BFB-A9A8-3EBAD45DA5DA}.Release|Any CPU.ActiveCfg = Release|Any CPU
		{98215426-2E5F-4BFB-A9A8-3EBAD45DA5DA}.Release|Any CPU.Build.0 = Release|Any CPU
	EndGlobalSection
	GlobalSection(SolutionProperties) = preSolution
		HideSolutionNode = FALSE
	EndGlobalSection
	GlobalSection(NestedProjects) = preSolution
		{7FE68668-7298-4AB3-95BB-50FBC00CAD2E} = {1AF3A065-DE78-4AF4-B486-1A3AF7A6CFE1}
		{98215426-2E5F-4BFB-A9A8-3EBAD45DA5DA} = {CA9D8170-D6C2-49E1-8AFA-6DD18FE8C0C0}
	EndGlobalSection
	GlobalSection(ExtensibilityGlobals) = postSolution
		SolutionGuid = {1D08C730-FA8B-447A-91A0-4402512A711B}
	EndGlobalSection
EndGlobal
